
Microsoft Visual Studio Solution File, Format Version 12.00
# Visual Studio Version 17
VisualStudioVersion = 17.0.31919.166
MinimumVisualStudioVersion = 10.0.40219.1
Project("{9A19103F-16F7-4668-BE54-9A1E7A4F7556}") = "ToyRobotSimulator_Project", "ToyRobotSimulation_Project\ToyRobotSimulator_Project.csproj", "{7974E11A-0504-4AEC-A97F-B25578976AD2}"
EndProject
Project("{FAE04EC0-301F-11D3-BF4B-00C04F79EFBC}") = "ToyRobotSimulator_Project.Test", "ToyRobotSimulator_Project.Test\ToyRobotSimulator_Project.Test.csproj", "{46AA343F-8AC6-47ED-9426-5036E8EB5B56}"
EndProject
Global
	GlobalSection(SolutionConfigurationPlatforms) = preSolution
		Debug|Any CPU = Debug|Any CPU
		Release|Any CPU = Release|Any CPU
	EndGlobalSection
	GlobalSection(ProjectConfigurationPlatforms) = postSolution
		{7974E11A-0504-4AEC-A97F-B25578976AD2}.Debug|Any CPU.ActiveCfg = Debug|Any CPU
		{7974E11A-0504-4AEC-A97F-B25578976AD2}.Debug|Any CPU.Build.0 = Debug|Any CPU
		{7974E11A-0504-4AEC-A97F-B25578976AD2}.Release|Any CPU.ActiveCfg = Release|Any CPU
		{7974E11A-0504-4AEC-A97F-B25578976AD2}.Release|Any CPU.Build.0 = Release|Any CPU
		{46AA343F-8AC6-47ED-9426-5036E8EB5B56}.Debug|Any CPU.ActiveCfg = Debug|Any CPU
		{46AA343F-8AC6-47ED-9426-5036E8EB5B56}.Debug|Any CPU.Build.0 = Debug|Any CPU
		{46AA343F-8AC6-47ED-9426-5036E8EB5B56}.Release|Any CPU.ActiveCfg = Release|Any CPU
		{46AA343F-8AC6-47ED-9426-5036E8EB5B56}.Release|Any CPU.Build.0 = Release|Any CPU
	EndGlobalSection
	GlobalSection(SolutionProperties) = preSolution
		HideSolutionNode = FALSE
	EndGlobalSection
	GlobalSection(ExtensibilityGlobals) = postSolution
		SolutionGuid = {1E458446-B7BD-471C-8C73-578568C0BB14}
	EndGlobalSection
EndGlobal
